
Microsoft Visual Studio Solution File, Format Version 12.00
# Visual Studio Version 17
VisualStudioVersion = 17.0.31903.59
MinimumVisualStudioVersion = 10.0.40219.1
Project("{8BC9CEB8-8B4A-11D0-8D11-00A0C91BC942}") = "csgobhopinternal", "csgobhopinternal\csgobhopinternal.vcxproj", "{2661271B-6CD0-4EF7-9B41-0DE7E0A1ABF7}"
EndProject
Global
	GlobalSection(SolutionConfigurationPlatforms) = preSolution
		Debug|x64 = Debug|x64
		Debug|x86 = Debug|x86
		Release|x64 = Release|x64
		Release|x86 = Release|x86
	EndGlobalSection
	GlobalSection(ProjectConfigurationPlatforms) = postSolution
		{2661271B-6CD0-4EF7-9B41-0DE7E0A1ABF7}.Debug|x64.ActiveCfg = Debug|x64
		{2661271B-6CD0-4EF7-9B41-0DE7E0A1ABF7}.Debug|x64.Build.0 = Debug|x64
		{2661271B-6CD0-4EF7-9B41-0DE7E0A1ABF7}.Debug|x86.ActiveCfg = Debug|Win32
		{2661271B-6CD0-4EF7-9B41-0DE7E0A1ABF7}.Debug|x86.Build.0 = Debug|Win32
		{2661271B-6CD0-4EF7-9B41-0DE7E0A1ABF7}.Release|x64.ActiveCfg = Release|x64
		{2661271B-6CD0-4EF7-9B41-0DE7E0A1ABF7}.Release|x64.Build.0 = Release|x64
		{2661271B-6CD0-4EF7-9B41-0DE7E0A1ABF7}.Release|x86.ActiveCfg = Release|Win32
		{2661271B-6CD0-4EF7-9B41-0DE7E0A1ABF7}.Release|x86.Build.0 = Release|Win32
	EndGlobalSection
	GlobalSection(SolutionProperties) = preSolution
		HideSolutionNode = FALSE
	EndGlobalSection
	GlobalSection(ExtensibilityGlobals) = postSolution
		SolutionGuid = {E35274CB-900C-46E3-86D4-A01E561562E4}
	EndGlobalSection
EndGlobal
